
Microsoft Visual Studio Solution File, Format Version 12.00
# Visual Studio 15
VisualStudioVersion = 15.0.26124.0
MinimumVisualStudioVersion = 15.0.26124.0
Project("{2150E333-8FDC-42A3-9474-1A3956D46DE8}") = "src", "src", "{4B528BEA-2DC3-425C-B4A5-13A35E974BE0}"
EndProject
Project("{F2A71F9B-5D33-465A-A702-920D77279786}") = "Day1", "src\Day1\Day1.fsproj", "{744312F8-55E3-4965-809C-E009C50BAE86}"
EndProject
Project("{F2A71F9B-5D33-465A-A702-920D77279786}") = "Day2", "src\Day2\Day2.fsproj", "{D2ACE19F-12B0-40E6-9F80-9797DE2DB0BB}"
EndProject
Project("{F2A71F9B-5D33-465A-A702-920D77279786}") = "AocHelper", "src\AocHelper\AocHelper.fsproj", "{CE18FB2B-4D92-4EA2-A12C-4BCE3048C520}"
EndProject
Project("{F2A71F9B-5D33-465A-A702-920D77279786}") = "Day3", "src\Day3\Day3.fsproj", "{8C7D65E4-030D-4870-9D72-B93D6EDB655A}"
EndProject
Project("{F2A71F9B-5D33-465A-A702-920D77279786}") = "Day4", "src\Day4\Day4.fsproj", "{DE1B38A3-DB7B-4335-8F83-BF82A1237D97}"
EndProject
Project("{F2A71F9B-5D33-465A-A702-920D77279786}") = "Day5", "src\Day5\Day5.fsproj", "{0E30FDBD-1D3B-4BE3-BF78-95C29A83689F}"
EndProject
Project("{F2A71F9B-5D33-465A-A702-920D77279786}") = "Day6", "src\Day6\Day6.fsproj", "{D798BB7B-5D7F-4ECA-9CFE-1910EEF858DC}"
EndProject
Project("{F2A71F9B-5D33-465A-A702-920D77279786}") = "Day7", "src\Day7\Day7.fsproj", "{2E768F5C-072D-442B-8B32-7CB47CA24B73}"
EndProject
Project("{F2A71F9B-5D33-465A-A702-920D77279786}") = "Day8", "src\Day8\Day8.fsproj", "{AEC6722E-7CA0-4821-A11B-14A61E8A5D10}"
EndProject
Project("{F2A71F9B-5D33-465A-A702-920D77279786}") = "Day9", "src\Day9\Day9.fsproj", "{3FDF7E6D-E821-4024-9A08-B14B9908C77D}"
EndProject
Project("{F2A71F9B-5D33-465A-A702-920D77279786}") = "Day10", "src\Day10\Day10.fsproj", "{ABEE7C0D-401C-4D07-AAAE-2E5E7822C318}"
EndProject
Project("{F2A71F9B-5D33-465A-A702-920D77279786}") = "Day11", "src\Day11\Day11.fsproj", "{A810DEDF-3A14-4008-8531-CB3B1D4484C3}"
EndProject
Global
	GlobalSection(SolutionConfigurationPlatforms) = preSolution
		Debug|Any CPU = Debug|Any CPU
		Debug|x64 = Debug|x64
		Debug|x86 = Debug|x86
		Release|Any CPU = Release|Any CPU
		Release|x64 = Release|x64
		Release|x86 = Release|x86
	EndGlobalSection
	GlobalSection(SolutionProperties) = preSolution
		HideSolutionNode = FALSE
	EndGlobalSection
	GlobalSection(ProjectConfigurationPlatforms) = postSolution
		{744312F8-55E3-4965-809C-E009C50BAE86}.Debug|Any CPU.ActiveCfg = Debug|Any CPU
		{744312F8-55E3-4965-809C-E009C50BAE86}.Debug|Any CPU.Build.0 = Debug|Any CPU
		{744312F8-55E3-4965-809C-E009C50BAE86}.Debug|x64.ActiveCfg = Debug|Any CPU
		{744312F8-55E3-4965-809C-E009C50BAE86}.Debug|x64.Build.0 = Debug|Any CPU
		{744312F8-55E3-4965-809C-E009C50BAE86}.Debug|x86.ActiveCfg = Debug|Any CPU
		{744312F8-55E3-4965-809C-E009C50BAE86}.Debug|x86.Build.0 = Debug|Any CPU
		{744312F8-55E3-4965-809C-E009C50BAE86}.Release|Any CPU.ActiveCfg = Release|Any CPU
		{744312F8-55E3-4965-809C-E009C50BAE86}.Release|Any CPU.Build.0 = Release|Any CPU
		{744312F8-55E3-4965-809C-E009C50BAE86}.Release|x64.ActiveCfg = Release|Any CPU
		{744312F8-55E3-4965-809C-E009C50BAE86}.Release|x64.Build.0 = Release|Any CPU
		{744312F8-55E3-4965-809C-E009C50BAE86}.Release|x86.ActiveCfg = Release|Any CPU
		{744312F8-55E3-4965-809C-E009C50BAE86}.Release|x86.Build.0 = Release|Any CPU
		{D2ACE19F-12B0-40E6-9F80-9797DE2DB0BB}.Debug|Any CPU.ActiveCfg = Debug|Any CPU
		{D2ACE19F-12B0-40E6-9F80-9797DE2DB0BB}.Debug|Any CPU.Build.0 = Debug|Any CPU
		{D2ACE19F-12B0-40E6-9F80-9797DE2DB0BB}.Debug|x64.ActiveCfg = Debug|Any CPU
		{D2ACE19F-12B0-40E6-9F80-9797DE2DB0BB}.Debug|x64.Build.0 = Debug|Any CPU
		{D2ACE19F-12B0-40E6-9F80-9797DE2DB0BB}.Debug|x86.ActiveCfg = Debug|Any CPU
		{D2ACE19F-12B0-40E6-9F80-9797DE2DB0BB}.Debug|x86.Build.0 = Debug|Any CPU
		{D2ACE19F-12B0-40E6-9F80-9797DE2DB0BB}.Release|Any CPU.ActiveCfg = Release|Any CPU
		{D2ACE19F-12B0-40E6-9F80-9797DE2DB0BB}.Release|Any CPU.Build.0 = Release|Any CPU
		{D2ACE19F-12B0-40E6-9F80-9797DE2DB0BB}.Release|x64.ActiveCfg = Release|Any CPU
		{D2ACE19F-12B0-40E6-9F80-9797DE2DB0BB}.Release|x64.Build.0 = Release|Any CPU
		{D2ACE19F-12B0-40E6-9F80-9797DE2DB0BB}.Release|x86.ActiveCfg = Release|Any CPU
		{D2ACE19F-12B0-40E6-9F80-9797DE2DB0BB}.Release|x86.Build.0 = Release|Any CPU
		{CE18FB2B-4D92-4EA2-A12C-4BCE3048C520}.Debug|Any CPU.ActiveCfg = Debug|Any CPU
		{CE18FB2B-4D92-4EA2-A12C-4BCE3048C520}.Debug|Any CPU.Build.0 = Debug|Any CPU
		{CE18FB2B-4D92-4EA2-A12C-4BCE3048C520}.Debug|x64.ActiveCfg = Debug|Any CPU
		{CE18FB2B-4D92-4EA2-A12C-4BCE3048C520}.Debug|x64.Build.0 = Debug|Any CPU
		{CE18FB2B-4D92-4EA2-A12C-4BCE3048C520}.Debug|x86.ActiveCfg = Debug|Any CPU
		{CE18FB2B-4D92-4EA2-A12C-4BCE3048C520}.Debug|x86.Build.0 = Debug|Any CPU
		{CE18FB2B-4D92-4EA2-A12C-4BCE3048C520}.Release|Any CPU.ActiveCfg = Release|Any CPU
		{CE18FB2B-4D92-4EA2-A12C-4BCE3048C520}.Release|Any CPU.Build.0 = Release|Any CPU
		{CE18FB2B-4D92-4EA2-A12C-4BCE3048C520}.Release|x64.ActiveCfg = Release|Any CPU
		{CE18FB2B-4D92-4EA2-A12C-4BCE3048C520}.Release|x64.Build.0 = Release|Any CPU
		{CE18FB2B-4D92-4EA2-A12C-4BCE3048C520}.Release|x86.ActiveCfg = Release|Any CPU
		{CE18FB2B-4D92-4EA2-A12C-4BCE3048C520}.Release|x86.Build.0 = Release|Any CPU
		{8C7D65E4-030D-4870-9D72-B93D6EDB655A}.Debug|Any CPU.ActiveCfg = Debug|Any CPU
		{8C7D65E4-030D-4870-9D72-B93D6EDB655A}.Debug|Any CPU.Build.0 = Debug|Any CPU
		{8C7D65E4-030D-4870-9D72-B93D6EDB655A}.Debug|x64.ActiveCfg = Debug|Any CPU
		{8C7D65E4-030D-4870-9D72-B93D6EDB655A}.Debug|x64.Build.0 = Debug|Any CPU
		{8C7D65E4-030D-4870-9D72-B93D6EDB655A}.Debug|x86.ActiveCfg = Debug|Any CPU
		{8C7D65E4-030D-4870-9D72-B93D6EDB655A}.Debug|x86.Build.0 = Debug|Any CPU
		{8C7D65E4-030D-4870-9D72-B93D6EDB655A}.Release|Any CPU.ActiveCfg = Release|Any CPU
		{8C7D65E4-030D-4870-9D72-B93D6EDB655A}.Release|Any CPU.Build.0 = Release|Any CPU
		{8C7D65E4-030D-4870-9D72-B93D6EDB655A}.Release|x64.ActiveCfg = Release|Any CPU
		{8C7D65E4-030D-4870-9D72-B93D6EDB655A}.Release|x64.Build.0 = Release|Any CPU
		{8C7D65E4-030D-4870-9D72-B93D6EDB655A}.Release|x86.ActiveCfg = Release|Any CPU
		{8C7D65E4-030D-4870-9D72-B93D6EDB655A}.Release|x86.Build.0 = Release|Any CPU
		{DE1B38A3-DB7B-4335-8F83-BF82A1237D97}.Debug|Any CPU.ActiveCfg = Debug|Any CPU
		{DE1B38A3-DB7B-4335-8F83-BF82A1237D97}.Debug|Any CPU.Build.0 = Debug|Any CPU
		{DE1B38A3-DB7B-4335-8F83-BF82A1237D97}.Debug|x64.ActiveCfg = Debug|Any CPU
		{DE1B38A3-DB7B-4335-8F83-BF82A1237D97}.Debug|x64.Build.0 = Debug|Any CPU
		{DE1B38A3-DB7B-4335-8F83-BF82A1237D97}.Debug|x86.ActiveCfg = Debug|Any CPU
		{DE1B38A3-DB7B-4335-8F83-BF82A1237D97}.Debug|x86.Build.0 = Debug|Any CPU
		{DE1B38A3-DB7B-4335-8F83-BF82A1237D97}.Release|Any CPU.ActiveCfg = Release|Any CPU
		{DE1B38A3-DB7B-4335-8F83-BF82A1237D97}.Release|Any CPU.Build.0 = Release|Any CPU
		{DE1B38A3-DB7B-4335-8F83-BF82A1237D97}.Release|x64.ActiveCfg = Release|Any CPU
		{DE1B38A3-DB7B-4335-8F83-BF82A1237D97}.Release|x64.Build.0 = Release|Any CPU
		{DE1B38A3-DB7B-4335-8F83-BF82A1237D97}.Release|x86.ActiveCfg = Release|Any CPU
		{DE1B38A3-DB7B-4335-8F83-BF82A1237D97}.Release|x86.Build.0 = Release|Any CPU
		{0E30FDBD-1D3B-4BE3-BF78-95C29A83689F}.Debug|Any CPU.ActiveCfg = Debug|Any CPU
		{0E30FDBD-1D3B-4BE3-BF78-95C29A83689F}.Debug|Any CPU.Build.0 = Debug|Any CPU
		{0E30FDBD-1D3B-4BE3-BF78-95C29A83689F}.Debug|x64.ActiveCfg = Debug|Any CPU
		{0E30FDBD-1D3B-4BE3-BF78-95C29A83689F}.Debug|x64.Build.0 = Debug|Any CPU
		{0E30FDBD-1D3B-4BE3-BF78-95C29A83689F}.Debug|x86.ActiveCfg = Debug|Any CPU
		{0E30FDBD-1D3B-4BE3-BF78-95C29A83689F}.Debug|x86.Build.0 = Debug|Any CPU
		{0E30FDBD-1D3B-4BE3-BF78-95C29A83689F}.Release|Any CPU.ActiveCfg = Release|Any CPU
		{0E30FDBD-1D3B-4BE3-BF78-95C29A83689F}.Release|Any CPU.Build.0 = Release|Any CPU
		{0E30FDBD-1D3B-4BE3-BF78-95C29A83689F}.Release|x64.ActiveCfg = Release|Any CPU
		{0E30FDBD-1D3B-4BE3-BF78-95C29A83689F}.Release|x64.Build.0 = Release|Any CPU
		{0E30FDBD-1D3B-4BE3-BF78-95C29A83689F}.Release|x86.ActiveCfg = Release|Any CPU
		{0E30FDBD-1D3B-4BE3-BF78-95C29A83689F}.Release|x86.Build.0 = Release|Any CPU
		{D798BB7B-5D7F-4ECA-9CFE-1910EEF858DC}.Debug|Any CPU.ActiveCfg = Debug|Any CPU
		{D798BB7B-5D7F-4ECA-9CFE-1910EEF858DC}.Debug|Any CPU.Build.0 = Debug|Any CPU
		{D798BB7B-5D7F-4ECA-9CFE-1910EEF858DC}.Debug|x64.ActiveCfg = Debug|Any CPU
		{D798BB7B-5D7F-4ECA-9CFE-1910EEF858DC}.Debug|x64.Build.0 = Debug|Any CPU
		{D798BB7B-5D7F-4ECA-9CFE-1910EEF858DC}.Debug|x86.ActiveCfg = Debug|Any CPU
		{D798BB7B-5D7F-4ECA-9CFE-1910EEF858DC}.Debug|x86.Build.0 = Debug|Any CPU
		{D798BB7B-5D7F-4ECA-9CFE-1910EEF858DC}.Release|Any CPU.ActiveCfg = Release|Any CPU
		{D798BB7B-5D7F-4ECA-9CFE-1910EEF858DC}.Release|Any CPU.Build.0 = Release|Any CPU
		{D798BB7B-5D7F-4ECA-9CFE-1910EEF858DC}.Release|x64.ActiveCfg = Release|Any CPU
		{D798BB7B-5D7F-4ECA-9CFE-1910EEF858DC}.Release|x64.Build.0 = Release|Any CPU
		{D798BB7B-5D7F-4ECA-9CFE-1910EEF858DC}.Release|x86.ActiveCfg = Release|Any CPU
		{D798BB7B-5D7F-4ECA-9CFE-1910EEF858DC}.Release|x86.Build.0 = Release|Any CPU
		{2E768F5C-072D-442B-8B32-7CB47CA24B73}.Debug|Any CPU.ActiveCfg = Debug|Any CPU
		{2E768F5C-072D-442B-8B32-7CB47CA24B73}.Debug|Any CPU.Build.0 = Debug|Any CPU
		{2E768F5C-072D-442B-8B32-7CB47CA24B73}.Debug|x64.ActiveCfg = Debug|Any CPU
		{2E768F5C-072D-442B-8B32-7CB47CA24B73}.Debug|x64.Build.0 = Debug|Any CPU
		{2E768F5C-072D-442B-8B32-7CB47CA24B73}.Debug|x86.ActiveCfg = Debug|Any CPU
		{2E768F5C-072D-442B-8B32-7CB47CA24B73}.Debug|x86.Build.0 = Debug|Any CPU
		{2E768F5C-072D-442B-8B32-7CB47CA24B73}.Release|Any CPU.ActiveCfg = Release|Any CPU
		{2E768F5C-072D-442B-8B32-7CB47CA24B73}.Release|Any CPU.Build.0 = Release|Any CPU
		{2E768F5C-072D-442B-8B32-7CB47CA24B73}.Release|x64.ActiveCfg = Release|Any CPU
		{2E768F5C-072D-442B-8B32-7CB47CA24B73}.Release|x64.Build.0 = Release|Any CPU
		{2E768F5C-072D-442B-8B32-7CB47CA24B73}.Release|x86.ActiveCfg = Release|Any CPU
		{2E768F5C-072D-442B-8B32-7CB47CA24B73}.Release|x86.Build.0 = Release|Any CPU
		{AEC6722E-7CA0-4821-A11B-14A61E8A5D10}.Debug|Any CPU.ActiveCfg = Debug|Any CPU
		{AEC6722E-7CA0-4821-A11B-14A61E8A5D10}.Debug|Any CPU.Build.0 = Debug|Any CPU
		{AEC6722E-7CA0-4821-A11B-14A61E8A5D10}.Debug|x64.ActiveCfg = Debug|Any CPU
		{AEC6722E-7CA0-4821-A11B-14A61E8A5D10}.Debug|x64.Build.0 = Debug|Any CPU
		{AEC6722E-7CA0-4821-A11B-14A61E8A5D10}.Debug|x86.ActiveCfg = Debug|Any CPU
		{AEC6722E-7CA0-4821-A11B-14A61E8A5D10}.Debug|x86.Build.0 = Debug|Any CPU
		{AEC6722E-7CA0-4821-A11B-14A61E8A5D10}.Release|Any CPU.ActiveCfg = Release|Any CPU
		{AEC6722E-7CA0-4821-A11B-14A61E8A5D10}.Release|Any CPU.Build.0 = Release|Any CPU
		{AEC6722E-7CA0-4821-A11B-14A61E8A5D10}.Release|x64.ActiveCfg = Release|Any CPU
		{AEC6722E-7CA0-4821-A11B-14A61E8A5D10}.Release|x64.Build.0 = Release|Any CPU
		{AEC6722E-7CA0-4821-A11B-14A61E8A5D10}.Release|x86.ActiveCfg = Release|Any CPU
		{AEC6722E-7CA0-4821-A11B-14A61E8A5D10}.Release|x86.Build.0 = Release|Any CPU
		{3FDF7E6D-E821-4024-9A08-B14B9908C77D}.Debug|Any CPU.ActiveCfg = Debug|Any CPU
		{3FDF7E6D-E821-4024-9A08-B14B9908C77D}.Debug|Any CPU.Build.0 = Debug|Any CPU
		{3FDF7E6D-E821-4024-9A08-B14B9908C77D}.Debug|x64.ActiveCfg = Debug|Any CPU
		{3FDF7E6D-E821-4024-9A08-B14B9908C77D}.Debug|x64.Build.0 = Debug|Any CPU
		{3FDF7E6D-E821-4024-9A08-B14B9908C77D}.Debug|x86.ActiveCfg = Debug|Any CPU
		{3FDF7E6D-E821-4024-9A08-B14B9908C77D}.Debug|x86.Build.0 = Debug|Any CPU
		{3FDF7E6D-E821-4024-9A08-B14B9908C77D}.Release|Any CPU.ActiveCfg = Release|Any CPU
		{3FDF7E6D-E821-4024-9A08-B14B9908C77D}.Release|Any CPU.Build.0 = Release|Any CPU
		{3FDF7E6D-E821-4024-9A08-B14B9908C77D}.Release|x64.ActiveCfg = Release|Any CPU
		{3FDF7E6D-E821-4024-9A08-B14B9908C77D}.Release|x64.Build.0 = Release|Any CPU
		{3FDF7E6D-E821-4024-9A08-B14B9908C77D}.Release|x86.ActiveCfg = Release|Any CPU
		{3FDF7E6D-E821-4024-9A08-B14B9908C77D}.Release|x86.Build.0 = Release|Any CPU
		{ABEE7C0D-401C-4D07-AAAE-2E5E7822C318}.Debug|Any CPU.ActiveCfg = Debug|Any CPU
		{ABEE7C0D-401C-4D07-AAAE-2E5E7822C318}.Debug|Any CPU.Build.0 = Debug|Any CPU
		{ABEE7C0D-401C-4D07-AAAE-2E5E7822C318}.Debug|x64.ActiveCfg = Debug|Any CPU
		{ABEE7C0D-401C-4D07-AAAE-2E5E7822C318}.Debug|x64.Build.0 = Debug|Any CPU
		{ABEE7C0D-401C-4D07-AAAE-2E5E7822C318}.Debug|x86.ActiveCfg = Debug|Any CPU
		{ABEE7C0D-401C-4D07-AAAE-2E5E7822C318}.Debug|x86.Build.0 = Debug|Any CPU
		{ABEE7C0D-401C-4D07-AAAE-2E5E7822C318}.Release|Any CPU.ActiveCfg = Release|Any CPU
		{ABEE7C0D-401C-4D07-AAAE-2E5E7822C318}.Release|Any CPU.Build.0 = Release|Any CPU
		{ABEE7C0D-401C-4D07-AAAE-2E5E7822C318}.Release|x64.ActiveCfg = Release|Any CPU
		{ABEE7C0D-401C-4D07-AAAE-2E5E7822C318}.Release|x64.Build.0 = Release|Any CPU
		{ABEE7C0D-401C-4D07-AAAE-2E5E7822C318}.Release|x86.ActiveCfg = Release|Any CPU
		{ABEE7C0D-401C-4D07-AAAE-2E5E7822C318}.Release|x86.Build.0 = Release|Any CPU
		{A810DEDF-3A14-4008-8531-CB3B1D4484C3}.Debug|Any CPU.ActiveCfg = Debug|Any CPU
		{A810DEDF-3A14-4008-8531-CB3B1D4484C3}.Debug|Any CPU.Build.0 = Debug|Any CPU
		{A810DEDF-3A14-4008-8531-CB3B1D4484C3}.Debug|x64.ActiveCfg = Debug|Any CPU
		{A810DEDF-3A14-4008-8531-CB3B1D4484C3}.Debug|x64.Build.0 = Debug|Any CPU
		{A810DEDF-3A14-4008-8531-CB3B1D4484C3}.Debug|x86.ActiveCfg = Debug|Any CPU
		{A810DEDF-3A14-4008-8531-CB3B1D4484C3}.Debug|x86.Build.0 = Debug|Any CPU
		{A810DEDF-3A14-4008-8531-CB3B1D4484C3}.Release|Any CPU.ActiveCfg = Release|Any CPU
		{A810DEDF-3A14-4008-8531-CB3B1D4484C3}.Release|Any CPU.Build.0 = Release|Any CPU
		{A810DEDF-3A14-4008-8531-CB3B1D4484C3}.Release|x64.ActiveCfg = Release|Any CPU
		{A810DEDF-3A14-4008-8531-CB3B1D4484C3}.Release|x64.Build.0 = Release|Any CPU
		{A810DEDF-3A14-4008-8531-CB3B1D4484C3}.Release|x86.ActiveCfg = Release|Any CPU
		{A810DEDF-3A14-4008-8531-CB3B1D4484C3}.Release|x86.Build.0 = Release|Any CPU
	EndGlobalSection
	GlobalSection(NestedProjects) = preSolution
		{744312F8-55E3-4965-809C-E009C50BAE86} = {4B528BEA-2DC3-425C-B4A5-13A35E974BE0}
		{D2ACE19F-12B0-40E6-9F80-9797DE2DB0BB} = {4B528BEA-2DC3-425C-B4A5-13A35E974BE0}
		{CE18FB2B-4D92-4EA2-A12C-4BCE3048C520} = {4B528BEA-2DC3-425C-B4A5-13A35E974BE0}
		{8C7D65E4-030D-4870-9D72-B93D6EDB655A} = {4B528BEA-2DC3-425C-B4A5-13A35E974BE0}
		{DE1B38A3-DB7B-4335-8F83-BF82A1237D97} = {4B528BEA-2DC3-425C-B4A5-13A35E974BE0}
		{0E30FDBD-1D3B-4BE3-BF78-95C29A83689F} = {4B528BEA-2DC3-425C-B4A5-13A35E974BE0}
		{D798BB7B-5D7F-4ECA-9CFE-1910EEF858DC} = {4B528BEA-2DC3-425C-B4A5-13A35E974BE0}
		{2E768F5C-072D-442B-8B32-7CB47CA24B73} = {4B528BEA-2DC3-425C-B4A5-13A35E974BE0}
		{AEC6722E-7CA0-4821-A11B-14A61E8A5D10} = {4B528BEA-2DC3-425C-B4A5-13A35E974BE0}
		{3FDF7E6D-E821-4024-9A08-B14B9908C77D} = {4B528BEA-2DC3-425C-B4A5-13A35E974BE0}
		{ABEE7C0D-401C-4D07-AAAE-2E5E7822C318} = {4B528BEA-2DC3-425C-B4A5-13A35E974BE0}
		{A810DEDF-3A14-4008-8531-CB3B1D4484C3} = {4B528BEA-2DC3-425C-B4A5-13A35E974BE0}
	EndGlobalSection
EndGlobal
